{
  "name": "nodemailer",
  "lockfileVersion": 3,
  "requires": true,
  "packages": {
    "": {
      "dependencies": {
        "nodemailer": "^6.9.3"
      }
    },
    "node_modules/nodemailer": {
      "version": "6.9.3",
      "resolved": "https://registry.npmjs.org/nodemailer/-/nodemailer-6.9.3.tgz",
      "integrity": "sha512-fy9v3NgTzBngrMFkDsKEj0r02U7jm6XfC3b52eoNV+GCrGj+s8pt5OqhiJdWKuw51zCTdiNR/IUD1z33LIIGpg==",
      "engines": {
        "node": ">=6.0.0"
      }
    }
  }
}
